{
  "requires": true,
  "lockfileVersion": 1,
  "dependencies": {
    "bootstrap": {
      "version": "4.4.1",
      "resolved": "https://registry.npmjs.org/bootstrap/-/bootstrap-4.4.1.tgz",
      "integrity": "sha512-tbx5cHubwE6e2ZG7nqM3g/FZ5PQEDMWmMGNrCUBVRPHXTJaH7CBDdsLeu3eCh3B1tzAxTnAbtmrzvWEvT2NNEA=="
    },
    "paper": {
      "version": "0.12.4",
      "resolved": "https://registry.npmjs.org/paper/-/paper-0.12.4.tgz",
      "integrity": "sha512-KypUqX2uXJZOX2j55RcgnBzK7weau9WKVCB+3e0E1Wa9yxlV7z6BsSrrJxmLNIC0pATbjcy9pJYDutQ7rIhnpQ=="
    }
  }
}
